// !$*UTF8*$!
{
	archiveVersion = 1;
	classes = {
	};
	objectVersion = 55;
	objects = {

/* Begin PBXBuildFile section */
		52E4869BA2931C1E3AC9EA7D /* Pods_Skill_Leveling_Challenge.framework in Frameworks */ = {isa = PBXBuildFile; fileRef = 874FFE587AB0FB5586D82C5B /* Pods_Skill_Leveling_Challenge.framework */; };
		C552CA5E28D3C2BB00E3CF7F /* ItemDetailViewController.swift in Sources */ = {isa = PBXBuildFile; fileRef = C552CA5D28D3C2BB00E3CF7F /* ItemDetailViewController.swift */; };
		C57C33BE28D0FD750093A586 /* Networking.swift in Sources */ = {isa = PBXBuildFile; fileRef = C57C33BD28D0FD750093A586 /* Networking.swift */; };
		C57C33C228D2829C0093A586 /* CustomTableViewCell.swift in Sources */ = {isa = PBXBuildFile; fileRef = C57C33C128D2829C0093A586 /* CustomTableViewCell.swift */; };
		C5871C0028D8F95F00254631 /* FavoritesManager.swift in Sources */ = {isa = PBXBuildFile; fileRef = C5871BFF28D8F95F00254631 /* FavoritesManager.swift */; };
		C5871C0228D8FCFA00254631 /* DetailsHeaderView.swift in Sources */ = {isa = PBXBuildFile; fileRef = C5871C0128D8FCFA00254631 /* DetailsHeaderView.swift */; };
		C5871C0428D91D6000254631 /* DetailsButtonsView.swift in Sources */ = {isa = PBXBuildFile; fileRef = C5871C0328D91D6000254631 /* DetailsButtonsView.swift */; };
		C5871C0628DA49DC00254631 /* ApiCallManager.swift in Sources */ = {isa = PBXBuildFile; fileRef = C5871C0528DA49DB00254631 /* ApiCallManager.swift */; };
		C5ACA7BA28DB560500A29E65 /* FavoritesViewController.swift in Sources */ = {isa = PBXBuildFile; fileRef = C5ACA7B928DB560500A29E65 /* FavoritesViewController.swift */; };
		C5ACA7BC28DB5C5000A29E65 /* MainTabBarController.swift in Sources */ = {isa = PBXBuildFile; fileRef = C5ACA7BB28DB5C5000A29E65 /* MainTabBarController.swift */; };
		C5FD8DEB28CF9FE100190B1B /* AppDelegate.swift in Sources */ = {isa = PBXBuildFile; fileRef = C5FD8DEA28CF9FE100190B1B /* AppDelegate.swift */; };
		C5FD8DED28CF9FE100190B1B /* SceneDelegate.swift in Sources */ = {isa = PBXBuildFile; fileRef = C5FD8DEC28CF9FE100190B1B /* SceneDelegate.swift */; };
		C5FD8DF228CF9FE100190B1B /* Main.storyboard in Resources */ = {isa = PBXBuildFile; fileRef = C5FD8DF028CF9FE100190B1B /* Main.storyboard */; };
		C5FD8DF428CF9FE200190B1B /* Assets.xcassets in Resources */ = {isa = PBXBuildFile; fileRef = C5FD8DF328CF9FE200190B1B /* Assets.xcassets */; };
		C5FD8DF728CF9FE200190B1B /* LaunchScreen.storyboard in Resources */ = {isa = PBXBuildFile; fileRef = C5FD8DF528CF9FE200190B1B /* LaunchScreen.storyboard */; };
		C5FD8DFF28CFB44F00190B1B /* Category.swift in Sources */ = {isa = PBXBuildFile; fileRef = C5FD8DFE28CFB44F00190B1B /* Category.swift */; };
		C5FD8E0228CFB72700190B1B /* Query.swift in Sources */ = {isa = PBXBuildFile; fileRef = C5FD8E0128CFB72700190B1B /* Query.swift */; };
		C5FD8E0428CFCB9500190B1B /* HomeViewController.swift in Sources */ = {isa = PBXBuildFile; fileRef = C5FD8E0328CFCB9500190B1B /* HomeViewController.swift */; };
/* End PBXBuildFile section */

/* Begin PBXFileReference section */
		507CAD61504579C2C410B2D4 /* Pods-Skill-Leveling Challenge.release.xcconfig */ = {isa = PBXFileReference; includeInIndex = 1; lastKnownFileType = text.xcconfig; name = "Pods-Skill-Leveling Challenge.release.xcconfig"; path = "Target Support Files/Pods-Skill-Leveling Challenge/Pods-Skill-Leveling Challenge.release.xcconfig"; sourceTree = "<group>"; };
		874FFE587AB0FB5586D82C5B /* Pods_Skill_Leveling_Challenge.framework */ = {isa = PBXFileReference; explicitFileType = wrapper.framework; includeInIndex = 0; path = Pods_Skill_Leveling_Challenge.framework; sourceTree = BUILT_PRODUCTS_DIR; };
		C552CA5D28D3C2BB00E3CF7F /* ItemDetailViewController.swift */ = {isa = PBXFileReference; lastKnownFileType = sourcecode.swift; path = ItemDetailViewController.swift; sourceTree = "<group>"; };
		C57C33BD28D0FD750093A586 /* Networking.swift */ = {isa = PBXFileReference; lastKnownFileType = sourcecode.swift; path = Networking.swift; sourceTree = "<group>"; };
		C57C33C128D2829C0093A586 /* CustomTableViewCell.swift */ = {isa = PBXFileReference; lastKnownFileType = sourcecode.swift; path = CustomTableViewCell.swift; sourceTree = "<group>"; };
		C5871BFF28D8F95F00254631 /* FavoritesManager.swift */ = {isa = PBXFileReference; lastKnownFileType = sourcecode.swift; path = FavoritesManager.swift; sourceTree = "<group>"; };
		C5871C0128D8FCFA00254631 /* DetailsHeaderView.swift */ = {isa = PBXFileReference; lastKnownFileType = sourcecode.swift; path = DetailsHeaderView.swift; sourceTree = "<group>"; };
		C5871C0328D91D6000254631 /* DetailsButtonsView.swift */ = {isa = PBXFileReference; lastKnownFileType = sourcecode.swift; path = DetailsButtonsView.swift; sourceTree = "<group>"; };
		C5871C0528DA49DB00254631 /* ApiCallManager.swift */ = {isa = PBXFileReference; lastKnownFileType = sourcecode.swift; path = ApiCallManager.swift; sourceTree = "<group>"; };
		C5ACA7B928DB560500A29E65 /* FavoritesViewController.swift */ = {isa = PBXFileReference; lastKnownFileType = sourcecode.swift; path = FavoritesViewController.swift; sourceTree = "<group>"; };
		C5ACA7BB28DB5C5000A29E65 /* MainTabBarController.swift */ = {isa = PBXFileReference; lastKnownFileType = sourcecode.swift; path = MainTabBarController.swift; sourceTree = "<group>"; };
		C5FD8DE728CF9FE100190B1B /* Skill-Leveling Challenge.app */ = {isa = PBXFileReference; explicitFileType = wrapper.application; includeInIndex = 0; path = "Skill-Leveling Challenge.app"; sourceTree = BUILT_PRODUCTS_DIR; };
		C5FD8DEA28CF9FE100190B1B /* AppDelegate.swift */ = {isa = PBXFileReference; lastKnownFileType = sourcecode.swift; path = AppDelegate.swift; sourceTree = "<group>"; };
		C5FD8DEC28CF9FE100190B1B /* SceneDelegate.swift */ = {isa = PBXFileReference; lastKnownFileType = sourcecode.swift; path = SceneDelegate.swift; sourceTree = "<group>"; };
		C5FD8DF128CF9FE100190B1B /* Base */ = {isa = PBXFileReference; lastKnownFileType = file.storyboard; name = Base; path = Base.lproj/Main.storyboard; sourceTree = "<group>"; };
		C5FD8DF328CF9FE200190B1B /* Assets.xcassets */ = {isa = PBXFileReference; lastKnownFileType = folder.assetcatalog; path = Assets.xcassets; sourceTree = "<group>"; };
		C5FD8DF628CF9FE200190B1B /* Base */ = {isa = PBXFileReference; lastKnownFileType = file.storyboard; name = Base; path = Base.lproj/LaunchScreen.storyboard; sourceTree = "<group>"; };
		C5FD8DF828CF9FE200190B1B /* Info.plist */ = {isa = PBXFileReference; lastKnownFileType = text.plist.xml; path = Info.plist; sourceTree = "<group>"; };
		C5FD8DFE28CFB44F00190B1B /* Category.swift */ = {isa = PBXFileReference; lastKnownFileType = sourcecode.swift; path = Category.swift; sourceTree = "<group>"; };
		C5FD8E0128CFB72700190B1B /* Query.swift */ = {isa = PBXFileReference; lastKnownFileType = sourcecode.swift; path = Query.swift; sourceTree = "<group>"; };
		C5FD8E0328CFCB9500190B1B /* HomeViewController.swift */ = {isa = PBXFileReference; lastKnownFileType = sourcecode.swift; path = HomeViewController.swift; sourceTree = "<group>"; };
		FE86AEB3C545FCE11AAA7A3E /* Pods-Skill-Leveling Challenge.debug.xcconfig */ = {isa = PBXFileReference; includeInIndex = 1; lastKnownFileType = text.xcconfig; name = "Pods-Skill-Leveling Challenge.debug.xcconfig"; path = "Target Support Files/Pods-Skill-Leveling Challenge/Pods-Skill-Leveling Challenge.debug.xcconfig"; sourceTree = "<group>"; };
/* End PBXFileReference section */

/* Begin PBXFrameworksBuildPhase section */
		C5FD8DE428CF9FE100190B1B /* Frameworks */ = {
			isa = PBXFrameworksBuildPhase;
			buildActionMask = 2147483647;
			files = (
				52E4869BA2931C1E3AC9EA7D /* Pods_Skill_Leveling_Challenge.framework in Frameworks */,
			);
			runOnlyForDeploymentPostprocessing = 0;
		};
/* End PBXFrameworksBuildPhase section */

/* Begin PBXGroup section */
		A5AA57951CB2197B1ED2D713 /* Frameworks */ = {
			isa = PBXGroup;
			children = (
				874FFE587AB0FB5586D82C5B /* Pods_Skill_Leveling_Challenge.framework */,
			);
			name = Frameworks;
			sourceTree = "<group>";
		};
		C552CA5B28D3C19700E3CF7F /* Controllers */ = {
			isa = PBXGroup;
			children = (
				C5FD8E0328CFCB9500190B1B /* HomeViewController.swift */,
				C552CA5D28D3C2BB00E3CF7F /* ItemDetailViewController.swift */,
				C5ACA7B928DB560500A29E65 /* FavoritesViewController.swift */,
				C5ACA7BB28DB5C5000A29E65 /* MainTabBarController.swift */,
			);
			path = Controllers;
			sourceTree = "<group>";
		};
		C552CA5C28D3C1AD00E3CF7F /* Views */ = {
			isa = PBXGroup;
			children = (
				C57C33C128D2829C0093A586 /* CustomTableViewCell.swift */,
				C5871C0128D8FCFA00254631 /* DetailsHeaderView.swift */,
				C5871C0328D91D6000254631 /* DetailsButtonsView.swift */,
			);
			path = Views;
			sourceTree = "<group>";
		};
		C5871BFE28D8F94900254631 /* Managers */ = {
			isa = PBXGroup;
			children = (
				C5871BFF28D8F95F00254631 /* FavoritesManager.swift */,
				C5871C0528DA49DB00254631 /* ApiCallManager.swift */,
			);
			path = Managers;
			sourceTree = "<group>";
		};
		C5FD8DDE28CF9FE100190B1B = {
			isa = PBXGroup;
			children = (
				C5FD8DE928CF9FE100190B1B /* Skill-Leveling Challenge */,
				C5FD8DE828CF9FE100190B1B /* Products */,
				E318CDD04DD194AC161CB79A /* Pods */,
				A5AA57951CB2197B1ED2D713 /* Frameworks */,
			);
			sourceTree = "<group>";
		};
		C5FD8DE828CF9FE100190B1B /* Products */ = {
			isa = PBXGroup;
			children = (
				C5FD8DE728CF9FE100190B1B /* Skill-Leveling Challenge.app */,
			);
			name = Products;
			sourceTree = "<group>";
		};
		C5FD8DE928CF9FE100190B1B /* Skill-Leveling Challenge */ = {
			isa = PBXGroup;
			children = (
				C5871BFE28D8F94900254631 /* Managers */,
				C552CA5C28D3C1AD00E3CF7F /* Views */,
				C552CA5B28D3C19700E3CF7F /* Controllers */,
				C5FD8E0028CFB71300190B1B /* Model */,
				C5FD8DEA28CF9FE100190B1B /* AppDelegate.swift */,
				C5FD8DEC28CF9FE100190B1B /* SceneDelegate.swift */,
				C5FD8DF028CF9FE100190B1B /* Main.storyboard */,
				C5FD8DF328CF9FE200190B1B /* Assets.xcassets */,
				C5FD8DF528CF9FE200190B1B /* LaunchScreen.storyboard */,
				C5FD8DF828CF9FE200190B1B /* Info.plist */,
				C57C33BD28D0FD750093A586 /* Networking.swift */,
			);
			path = "Skill-Leveling Challenge";
			sourceTree = "<group>";
		};
		C5FD8E0028CFB71300190B1B /* Model */ = {
			isa = PBXGroup;
			children = (
				C5FD8DFE28CFB44F00190B1B /* Category.swift */,
				C5FD8E0128CFB72700190B1B /* Query.swift */,
			);
			path = Model;
			sourceTree = "<group>";
		};
		E318CDD04DD194AC161CB79A /* Pods */ = {
			isa = PBXGroup;
			children = (
				FE86AEB3C545FCE11AAA7A3E /* Pods-Skill-Leveling Challenge.debug.xcconfig */,
				507CAD61504579C2C410B2D4 /* Pods-Skill-Leveling Challenge.release.xcconfig */,
			);
			path = Pods;
			sourceTree = "<group>";
		};
/* End PBXGroup section */

/* Begin PBXNativeTarget section */
		C5FD8DE628CF9FE100190B1B /* Skill-Leveling Challenge */ = {
			isa = PBXNativeTarget;
			buildConfigurationList = C5FD8DFB28CF9FE200190B1B /* Build configuration list for PBXNativeTarget "Skill-Leveling Challenge" */;
			buildPhases = (
				97151246D06790A4857D08C7 /* [CP] Check Pods Manifest.lock */,
				C5FD8DE328CF9FE100190B1B /* Sources */,
				C5FD8DE428CF9FE100190B1B /* Frameworks */,
				C5FD8DE528CF9FE100190B1B /* Resources */,
				219B6208C8D374B726590994 /* [CP] Embed Pods Frameworks */,
			);
			buildRules = (
			);
			dependencies = (
			);
			name = "Skill-Leveling Challenge";
			productName = "Skill-Leveling Challenge";
			productReference = C5FD8DE728CF9FE100190B1B /* Skill-Leveling Challenge.app */;
			productType = "com.apple.product-type.application";
		};
/* End PBXNativeTarget section */

/* Begin PBXProject section */
		C5FD8DDF28CF9FE100190B1B /* Project object */ = {
			isa = PBXProject;
			attributes = {
				BuildIndependentTargetsInParallel = 1;
				LastSwiftUpdateCheck = 1340;
				LastUpgradeCheck = 1340;
				TargetAttributes = {
					C5FD8DE628CF9FE100190B1B = {
						CreatedOnToolsVersion = 13.4.1;
					};
				};
			};
			buildConfigurationList = C5FD8DE228CF9FE100190B1B /* Build configuration list for PBXProject "Skill-Leveling Challenge" */;
			compatibilityVersion = "Xcode 13.0";
			developmentRegion = en;
			hasScannedForEncodings = 0;
			knownRegions = (
				en,
				Base,
			);
			mainGroup = C5FD8DDE28CF9FE100190B1B;
			productRefGroup = C5FD8DE828CF9FE100190B1B /* Products */;
			projectDirPath = "";
			projectRoot = "";
			targets = (
				C5FD8DE628CF9FE100190B1B /* Skill-Leveling Challenge */,
			);
		};
/* End PBXProject section */

/* Begin PBXResourcesBuildPhase section */
		C5FD8DE528CF9FE100190B1B /* Resources */ = {
			isa = PBXResourcesBuildPhase;
			buildActionMask = 2147483647;
			files = (
				C5FD8DF728CF9FE200190B1B /* LaunchScreen.storyboard in Resources */,
				C5FD8DF428CF9FE200190B1B /* Assets.xcassets in Resources */,
				C5FD8DF228CF9FE100190B1B /* Main.storyboard in Resources */,
			);
			runOnlyForDeploymentPostprocessing = 0;
		};
/* End PBXResourcesBuildPhase section */

/* Begin PBXShellScriptBuildPhase section */
		219B6208C8D374B726590994 /* [CP] Embed Pods Frameworks */ = {
			isa = PBXShellScriptBuildPhase;
			buildActionMask = 2147483647;
			files = (
			);
			inputFileListPaths = (
				"${PODS_ROOT}/Target Support Files/Pods-Skill-Leveling Challenge/Pods-Skill-Leveling Challenge-frameworks-${CONFIGURATION}-input-files.xcfilelist",
			);
			name = "[CP] Embed Pods Frameworks";
			outputFileListPaths = (
				"${PODS_ROOT}/Target Support Files/Pods-Skill-Leveling Challenge/Pods-Skill-Leveling Challenge-frameworks-${CONFIGURATION}-output-files.xcfilelist",
			);
			runOnlyForDeploymentPostprocessing = 0;
			shellPath = /bin/sh;
			shellScript = "\"${PODS_ROOT}/Target Support Files/Pods-Skill-Leveling Challenge/Pods-Skill-Leveling Challenge-frameworks.sh\"\n";
			showEnvVarsInLog = 0;
		};
		97151246D06790A4857D08C7 /* [CP] Check Pods Manifest.lock */ = {
			isa = PBXShellScriptBuildPhase;
			buildActionMask = 2147483647;
			files = (
			);
			inputFileListPaths = (
			);
			inputPaths = (
				"${PODS_PODFILE_DIR_PATH}/Podfile.lock",
				"${PODS_ROOT}/Manifest.lock",
			);
			name = "[CP] Check Pods Manifest.lock";
			outputFileListPaths = (
			);
			outputPaths = (
				"$(DERIVED_FILE_DIR)/Pods-Skill-Leveling Challenge-checkManifestLockResult.txt",
			);
			runOnlyForDeploymentPostprocessing = 0;
			shellPath = /bin/sh;
			shellScript = "diff \"${PODS_PODFILE_DIR_PATH}/Podfile.lock\" \"${PODS_ROOT}/Manifest.lock\" > /dev/null\nif [ $? != 0 ] ; then\n    # print error to STDERR\n    echo \"error: The sandbox is not in sync with the Podfile.lock. Run 'pod install' or update your CocoaPods installation.\" >&2\n    exit 1\nfi\n# This output is used by Xcode 'outputs' to avoid re-running this script phase.\necho \"SUCCESS\" > \"${SCRIPT_OUTPUT_FILE_0}\"\n";
			showEnvVarsInLog = 0;
		};
/* End PBXShellScriptBuildPhase section */

/* Begin PBXSourcesBuildPhase section */
		C5FD8DE328CF9FE100190B1B /* Sources */ = {
			isa = PBXSourcesBuildPhase;
			buildActionMask = 2147483647;
			files = (
				C552CA5E28D3C2BB00E3CF7F /* ItemDetailViewController.swift in Sources */,
				C57C33C228D2829C0093A586 /* CustomTableViewCell.swift in Sources */,
				C5ACA7BC28DB5C5000A29E65 /* MainTabBarController.swift in Sources */,
				C5ACA7BA28DB560500A29E65 /* FavoritesViewController.swift in Sources */,
				C5871C0228D8FCFA00254631 /* DetailsHeaderView.swift in Sources */,
				C5FD8E0228CFB72700190B1B /* Query.swift in Sources */,
				C5FD8DEB28CF9FE100190B1B /* AppDelegate.swift in Sources */,
				C5871C0028D8F95F00254631 /* FavoritesManager.swift in Sources */,
				C5871C0428D91D6000254631 /* DetailsButtonsView.swift in Sources */,
				C5871C0628DA49DC00254631 /* ApiCallManager.swift in Sources */,
				C5FD8DED28CF9FE100190B1B /* SceneDelegate.swift in Sources */,
				C5FD8DFF28CFB44F00190B1B /* Category.swift in Sources */,
				C5FD8E0428CFCB9500190B1B /* HomeViewController.swift in Sources */,
				C57C33BE28D0FD750093A586 /* Networking.swift in Sources */,
			);
			runOnlyForDeploymentPostprocessing = 0;
		};
/* End PBXSourcesBuildPhase section */

/* Begin PBXVariantGroup section */
		C5FD8DF028CF9FE100190B1B /* Main.storyboard */ = {
			isa = PBXVariantGroup;
			children = (
				C5FD8DF128CF9FE100190B1B /* Base */,
			);
			name = Main.storyboard;
			sourceTree = "<group>";
		};
		C5FD8DF528CF9FE200190B1B /* LaunchScreen.storyboard */ = {
			isa = PBXVariantGroup;
			children = (
				C5FD8DF628CF9FE200190B1B /* Base */,
			);
			name = LaunchScreen.storyboard;
			sourceTree = "<group>";
		};
/* End PBXVariantGroup section */

/* Begin XCBuildConfiguration section */
		C5FD8DF928CF9FE200190B1B /* Debug */ = {
			isa = XCBuildConfiguration;
			buildSettings = {
				ALWAYS_SEARCH_USER_PATHS = NO;
				CLANG_ANALYZER_NONNULL = YES;
				CLANG_ANALYZER_NUMBER_OBJECT_CONVERSION = YES_AGGRESSIVE;
				CLANG_CXX_LANGUAGE_STANDARD = "gnu++17";
				CLANG_ENABLE_MODULES = YES;
				CLANG_ENABLE_OBJC_ARC = YES;
				CLANG_ENABLE_OBJC_WEAK = YES;
				CLANG_WARN_BLOCK_CAPTURE_AUTORELEASING = YES;
				CLANG_WARN_BOOL_CONVERSION = YES;
				CLANG_WARN_COMMA = YES;
				CLANG_WARN_CONSTANT_CONVERSION = YES;
				CLANG_WARN_DEPRECATED_OBJC_IMPLEMENTATIONS = YES;
				CLANG_WARN_DIRECT_OBJC_ISA_USAGE = YES_ERROR;
				CLANG_WARN_DOCUMENTATION_COMMENTS = YES;
				CLANG_WARN_EMPTY_BODY = YES;
				CLANG_WARN_ENUM_CONVERSION = YES;
				CLANG_WARN_INFINITE_RECURSION = YES;
				CLANG_WARN_INT_CONVERSION = YES;
				CLANG_WARN_NON_LITERAL_NULL_CONVERSION = YES;
				CLANG_WARN_OBJC_IMPLICIT_RETAIN_SELF = YES;
				CLANG_WARN_OBJC_LITERAL_CONVERSION = YES;
				CLANG_WARN_OBJC_ROOT_CLASS = YES_ERROR;
				CLANG_WARN_QUOTED_INCLUDE_IN_FRAMEWORK_HEADER = YES;
				CLANG_WARN_RANGE_LOOP_ANALYSIS = YES;
				CLANG_WARN_STRICT_PROTOTYPES = YES;
				CLANG_WARN_SUSPICIOUS_MOVE = YES;
				CLANG_WARN_UNGUARDED_AVAILABILITY = YES_AGGRESSIVE;
				CLANG_WARN_UNREACHABLE_CODE = YES;
				CLANG_WARN__DUPLICATE_METHOD_MATCH = YES;
				COPY_PHASE_STRIP = NO;
				DEBUG_INFORMATION_FORMAT = dwarf;
				ENABLE_STRICT_OBJC_MSGSEND = YES;
				ENABLE_TESTABILITY = YES;
				GCC_C_LANGUAGE_STANDARD = gnu11;
				GCC_DYNAMIC_NO_PIC = NO;
				GCC_NO_COMMON_BLOCKS = YES;
				GCC_OPTIMIZATION_LEVEL = 0;
				GCC_PREPROCESSOR_DEFINITIONS = (
					"DEBUG=1",
					"$(inherited)",
				);
				GCC_WARN_64_TO_32_BIT_CONVERSION = YES;
				GCC_WARN_ABOUT_RETURN_TYPE = YES_ERROR;
				GCC_WARN_UNDECLARED_SELECTOR = YES;
				GCC_WARN_UNINITIALIZED_AUTOS = YES_AGGRESSIVE;
				GCC_WARN_UNUSED_FUNCTION = YES;
				GCC_WARN_UNUSED_VARIABLE = YES;
				IPHONEOS_DEPLOYMENT_TARGET = 15.5;
				MTL_ENABLE_DEBUG_INFO = INCLUDE_SOURCE;
				MTL_FAST_MATH = YES;
				ONLY_ACTIVE_ARCH = YES;
				SDKROOT = iphoneos;
				SWIFT_ACTIVE_COMPILATION_CONDITIONS = DEBUG;
				SWIFT_OPTIMIZATION_LEVEL = "-Onone";
			};
			name = Debug;
		};
		C5FD8DFA28CF9FE200190B1B /* Release */ = {
			isa = XCBuildConfiguration;
			buildSettings = {
				ALWAYS_SEARCH_USER_PATHS = NO;
				CLANG_ANALYZER_NONNULL = YES;
				CLANG_ANALYZER_NUMBER_OBJECT_CONVERSION = YES_AGGRESSIVE;
				CLANG_CXX_LANGUAGE_STANDARD = "gnu++17";
				CLANG_ENABLE_MODULES = YES;
				CLANG_ENABLE_OBJC_ARC = YES;
				CLANG_ENABLE_OBJC_WEAK = YES;
				CLANG_WARN_BLOCK_CAPTURE_AUTORELEASING = YES;
				CLANG_WARN_BOOL_CONVERSION = YES;
				CLANG_WARN_COMMA = YES;
				CLANG_WARN_CONSTANT_CONVERSION = YES;
				CLANG_WARN_DEPRECATED_OBJC_IMPLEMENTATIONS = YES;
				CLANG_WARN_DIRECT_OBJC_ISA_USAGE = YES_ERROR;
				CLANG_WARN_DOCUMENTATION_COMMENTS = YES;
				CLANG_WARN_EMPTY_BODY = YES;
				CLANG_WARN_ENUM_CONVERSION = YES;
				CLANG_WARN_INFINITE_RECURSION = YES;
				CLANG_WARN_INT_CONVERSION = YES;
				CLANG_WARN_NON_LITERAL_NULL_CONVERSION = YES;
				CLANG_WARN_OBJC_IMPLICIT_RETAIN_SELF = YES;
				CLANG_WARN_OBJC_LITERAL_CONVERSION = YES;
				CLANG_WARN_OBJC_ROOT_CLASS = YES_ERROR;
				CLANG_WARN_QUOTED_INCLUDE_IN_FRAMEWORK_HEADER = YES;
				CLANG_WARN_RANGE_LOOP_ANALYSIS = YES;
				CLANG_WARN_STRICT_PROTOTYPES = YES;
				CLANG_WARN_SUSPICIOUS_MOVE = YES;
				CLANG_WARN_UNGUARDED_AVAILABILITY = YES_AGGRESSIVE;
				CLANG_WARN_UNREACHABLE_CODE = YES;
				CLANG_WARN__DUPLICATE_METHOD_MATCH = YES;
				COPY_PHASE_STRIP = NO;
				DEBUG_INFORMATION_FORMAT = "dwarf-with-dsym";
				ENABLE_NS_ASSERTIONS = NO;
				ENABLE_STRICT_OBJC_MSGSEND = YES;
				GCC_C_LANGUAGE_STANDARD = gnu11;
				GCC_NO_COMMON_BLOCKS = YES;
				GCC_WARN_64_TO_32_BIT_CONVERSION = YES;
				GCC_WARN_ABOUT_RETURN_TYPE = YES_ERROR;
				GCC_WARN_UNDECLARED_SELECTOR = YES;
				GCC_WARN_UNINITIALIZED_AUTOS = YES_AGGRESSIVE;
				GCC_WARN_UNUSED_FUNCTION = YES;
				GCC_WARN_UNUSED_VARIABLE = YES;
				IPHONEOS_DEPLOYMENT_TARGET = 15.5;
				MTL_ENABLE_DEBUG_INFO = NO;
				MTL_FAST_MATH = YES;
				SDKROOT = iphoneos;
				SWIFT_COMPILATION_MODE = wholemodule;
				SWIFT_OPTIMIZATION_LEVEL = "-O";
				VALIDATE_PRODUCT = YES;
			};
			name = Release;
		};
		C5FD8DFC28CF9FE200190B1B /* Debug */ = {
			isa = XCBuildConfiguration;
			baseConfigurationReference = FE86AEB3C545FCE11AAA7A3E /* Pods-Skill-Leveling Challenge.debug.xcconfig */;
			buildSettings = {
				ASSETCATALOG_COMPILER_APPICON_NAME = AppIcon;
				ASSETCATALOG_COMPILER_GLOBAL_ACCENT_COLOR_NAME = AccentColor;
				CODE_SIGN_STYLE = Automatic;
				CURRENT_PROJECT_VERSION = 1;
				DEVELOPMENT_TEAM = 972ZHL4629;
				GENERATE_INFOPLIST_FILE = YES;
				INFOPLIST_FILE = "Skill-Leveling Challenge/Info.plist";
				INFOPLIST_KEY_UIApplicationSupportsIndirectInputEvents = YES;
				INFOPLIST_KEY_UILaunchStoryboardName = LaunchScreen;
				INFOPLIST_KEY_UISupportedInterfaceOrientations_iPad = "UIInterfaceOrientationPortrait UIInterfaceOrientationPortraitUpsideDown UIInterfaceOrientationLandscapeLeft UIInterfaceOrientationLandscapeRight";
				INFOPLIST_KEY_UISupportedInterfaceOrientations_iPhone = "UIInterfaceOrientationPortrait UIInterfaceOrientationLandscapeLeft UIInterfaceOrientationLandscapeRight";
				LD_RUNPATH_SEARCH_PATHS = (
					"$(inherited)",
					"@executable_path/Frameworks",
				);
				MARKETING_VERSION = 1.0;
				PRODUCT_BUNDLE_IDENTIFIER = "com.chvzjqn.Skill-Leveling-Challenge";
				PRODUCT_NAME = "$(TARGET_NAME)";
				SWIFT_EMIT_LOC_STRINGS = YES;
				SWIFT_VERSION = 5.0;
				TARGETED_DEVICE_FAMILY = 1;
			};
			name = Debug;
		};
		C5FD8DFD28CF9FE200190B1B /* Release */ = {
			isa = XCBuildConfiguration;
			baseConfigurationReference = 507CAD61504579C2C410B2D4 /* Pods-Skill-Leveling Challenge.release.xcconfig */;
			buildSettings = {
				ASSETCATALOG_COMPILER_APPICON_NAME = AppIcon;
				ASSETCATALOG_COMPILER_GLOBAL_ACCENT_COLOR_NAME = AccentColor;
				CODE_SIGN_STYLE = Automatic;
				CURRENT_PROJECT_VERSION = 1;
				DEVELOPMENT_TEAM = 972ZHL4629;
				GENERATE_INFOPLIST_FILE = YES;
				INFOPLIST_FILE = "Skill-Leveling Challenge/Info.plist";
				INFOPLIST_KEY_UIApplicationSupportsIndirectInputEvents = YES;
				INFOPLIST_KEY_UILaunchStoryboardName = LaunchScreen;
				INFOPLIST_KEY_UISupportedInterfaceOrientations_iPad = "UIInterfaceOrientationPortrait UIInterfaceOrientationPortraitUpsideDown UIInterfaceOrientationLandscapeLeft UIInterfaceOrientationLandscapeRight";
				INFOPLIST_KEY_UISupportedInterfaceOrientations_iPhone = "UIInterfaceOrientationPortrait UIInterfaceOrientationLandscapeLeft UIInterfaceOrientationLandscapeRight";
				LD_RUNPATH_SEARCH_PATHS = (
					"$(inherited)",
					"@executable_path/Frameworks",
				);
				MARKETING_VERSION = 1.0;
				PRODUCT_BUNDLE_IDENTIFIER = "com.chvzjqn.Skill-Leveling-Challenge";
				PRODUCT_NAME = "$(TARGET_NAME)";
				SWIFT_EMIT_LOC_STRINGS = YES;
				SWIFT_VERSION = 5.0;
				TARGETED_DEVICE_FAMILY = 1;
			};
			name = Release;
		};
/* End XCBuildConfiguration section */

/* Begin XCConfigurationList section */
		C5FD8DE228CF9FE100190B1B /* Build configuration list for PBXProject "Skill-Leveling Challenge" */ = {
			isa = XCConfigurationList;
			buildConfigurations = (
				C5FD8DF928CF9FE200190B1B /* Debug */,
				C5FD8DFA28CF9FE200190B1B /* Release */,
			);
			defaultConfigurationIsVisible = 0;
			defaultConfigurationName = Release;
		};
		C5FD8DFB28CF9FE200190B1B /* Build configuration list for PBXNativeTarget "Skill-Leveling Challenge" */ = {
			isa = XCConfigurationList;
			buildConfigurations = (
				C5FD8DFC28CF9FE200190B1B /* Debug */,
				C5FD8DFD28CF9FE200190B1B /* Release */,
			);
			defaultConfigurationIsVisible = 0;
			defaultConfigurationName = Release;
		};
/* End XCConfigurationList section */
	};
	rootObject = C5FD8DDF28CF9FE100190B1B /* Project object */;
}
